
Microsoft Visual Studio Solution File, Format Version 12.00
# Visual Studio Version 17
VisualStudioVersion = 17.13.35825.156 d17.13
MinimumVisualStudioVersion = 10.0.40219.1
Project("{FAE04EC0-301F-11D3-BF4B-00C04F79EFBC}") = "CodePulse.API", "CodePulse.API\CodePulse.API.csproj", "{E946E740-4B06-4890-A1FA-27D2692D5FD1}"
EndProject
Global
	GlobalSection(SolutionConfigurationPlatforms) = preSolution
		Debug|Any CPU = Debug|Any CPU
		Release|Any CPU = Release|Any CPU
	EndGlobalSection
	GlobalSection(ProjectConfigurationPlatforms) = postSolution
		{E946E740-4B06-4890-A1FA-27D2692D5FD1}.Debug|Any CPU.ActiveCfg = Debug|Any CPU
		{E946E740-4B06-4890-A1FA-27D2692D5FD1}.Debug|Any CPU.Build.0 = Debug|Any CPU
		{E946E740-4B06-4890-A1FA-27D2692D5FD1}.Release|Any CPU.ActiveCfg = Release|Any CPU
		{E946E740-4B06-4890-A1FA-27D2692D5FD1}.Release|Any CPU.Build.0 = Release|Any CPU
	EndGlobalSection
	GlobalSection(SolutionProperties) = preSolution
		HideSolutionNode = FALSE
	EndGlobalSection
	GlobalSection(ExtensibilityGlobals) = postSolution
		SolutionGuid = {A178C19C-0A59-4F10-8AEE-003C33664E89}
	EndGlobalSection
EndGlobal
